
Microsoft Visual Studio Solution File, Format Version 12.00
# Visual Studio 2013
VisualStudioVersion = 12.0.40629.0
MinimumVisualStudioVersion = 10.0.40219.1
Project("{FAE04EC0-301F-11D3-BF4B-00C04F79EFBC}") = "conversion factor Check", "conversion factor Check\conversion factor Check.csproj", "{F6AD07EE-8342-4D33-99D4-258FBF288945}"
EndProject
Global
	GlobalSection(SolutionConfigurationPlatforms) = preSolution
		Debug|Any CPU = Debug|Any CPU
		Release|Any CPU = Release|Any CPU
	EndGlobalSection
	GlobalSection(ProjectConfigurationPlatforms) = postSolution
		{F6AD07EE-8342-4D33-99D4-258FBF288945}.Debug|Any CPU.ActiveCfg = Debug|Any CPU
		{F6AD07EE-8342-4D33-99D4-258FBF288945}.Debug|Any CPU.Build.0 = Debug|Any CPU
		{F6AD07EE-8342-4D33-99D4-258FBF288945}.Release|Any CPU.ActiveCfg = Release|Any CPU
		{F6AD07EE-8342-4D33-99D4-258FBF288945}.Release|Any CPU.Build.0 = Release|Any CPU
	EndGlobalSection
	GlobalSection(SolutionProperties) = preSolution
		HideSolutionNode = FALSE
	EndGlobalSection
EndGlobal
