
Microsoft Visual Studio Solution File, Format Version 12.00
# Visual Studio 2013
VisualStudioVersion = 12.0.40629.0
MinimumVisualStudioVersion = 10.0.40219.1
Project("{FAE04EC0-301F-11D3-BF4B-00C04F79EFBC}") = "Threading Example 2", "Threading Example 2\Threading Example 2.csproj", "{4A897C15-3710-4E52-A7B0-8498D48306EF}"
EndProject
Global
	GlobalSection(SolutionConfigurationPlatforms) = preSolution
		Debug|Any CPU = Debug|Any CPU
		Release|Any CPU = Release|Any CPU
	EndGlobalSection
	GlobalSection(ProjectConfigurationPlatforms) = postSolution
		{4A897C15-3710-4E52-A7B0-8498D48306EF}.Debug|Any CPU.ActiveCfg = Debug|Any CPU
		{4A897C15-3710-4E52-A7B0-8498D48306EF}.Debug|Any CPU.Build.0 = Debug|Any CPU
		{4A897C15-3710-4E52-A7B0-8498D48306EF}.Release|Any CPU.ActiveCfg = Release|Any CPU
		{4A897C15-3710-4E52-A7B0-8498D48306EF}.Release|Any CPU.Build.0 = Release|Any CPU
	EndGlobalSection
	GlobalSection(SolutionProperties) = preSolution
		HideSolutionNode = FALSE
	EndGlobalSection
EndGlobal
